
Microsoft Visual Studio Solution File, Format Version 12.00
# Visual Studio 15
VisualStudioVersion = 15.0.27703.2000
MinimumVisualStudioVersion = 10.0.40219.1
Project("{FAE04EC0-301F-11D3-BF4B-00C04F79EFBC}") = "DiceBot", "ConsoleApp\DiceBot.csproj", "{5E27C496-D6F4-427D-B8D8-829C323261F9}"
EndProject
Global
	GlobalSection(SolutionConfigurationPlatforms) = preSolution
		Debug|Any CPU = Debug|Any CPU
		Release|Any CPU = Release|Any CPU
	EndGlobalSection
	GlobalSection(ProjectConfigurationPlatforms) = postSolution
		{5E27C496-D6F4-427D-B8D8-829C323261F9}.Debug|Any CPU.ActiveCfg = Debug|Any CPU
		{5E27C496-D6F4-427D-B8D8-829C323261F9}.Debug|Any CPU.Build.0 = Debug|Any CPU
		{5E27C496-D6F4-427D-B8D8-829C323261F9}.Release|Any CPU.ActiveCfg = Release|Any CPU
		{5E27C496-D6F4-427D-B8D8-829C323261F9}.Release|Any CPU.Build.0 = Release|Any CPU
	EndGlobalSection
	GlobalSection(SolutionProperties) = preSolution
		HideSolutionNode = FALSE
	EndGlobalSection
	GlobalSection(ExtensibilityGlobals) = postSolution
		SolutionGuid = {3BB6232A-D8A8-40A9-87BF-E1E771943AE9}
	EndGlobalSection
EndGlobal
